// !$*UTF8*$!
{
	archiveVersion = 1;
	classes = {
	};
	objectVersion = 46;
	objects = {

/* Begin PBXBuildFile section */
		03683ADB1B6B8AFD0076AC1C /* thumbnail.png in Resources */ = {isa = PBXBuildFile; fileRef = 03683AD71B6B8AD00076AC1C /* thumbnail.png */; };
		03683ADC1B6B8B020076AC1C /* thumbnail@2x.png in Resources */ = {isa = PBXBuildFile; fileRef = 03683AD81B6B8AD00076AC1C /* thumbnail@2x.png */; };
		C30B0F561B6A9B4700144035 /* Extensions.swift in Sources */ = {isa = PBXBuildFile; fileRef = C30B0F551B6A9B4700144035 /* Extensions.swift */; };
		C30B0F571B6A9B4700144035 /* Extensions.swift in Sources */ = {isa = PBXBuildFile; fileRef = C30B0F551B6A9B4700144035 /* Extensions.swift */; };
		C30B0F591B6AA23000144035 /* Cubes.swift in Sources */ = {isa = PBXBuildFile; fileRef = C30B0F581B6AA23000144035 /* Cubes.swift */; };
		C30B0F5A1B6AA23000144035 /* Cubes.swift in Sources */ = {isa = PBXBuildFile; fileRef = C30B0F581B6AA23000144035 /* Cubes.swift */; };
		C33B3ED71B6CFA5F0025CECB /* ConfigureSheet.xib in Resources */ = {isa = PBXBuildFile; fileRef = C33B3ED41B6CFA5F0025CECB /* ConfigureSheet.xib */; };
		C33B3ED91B6CFA5F0025CECB /* SheetController.swift in Sources */ = {isa = PBXBuildFile; fileRef = C33B3ED51B6CFA5F0025CECB /* SheetController.swift */; };
		C33B3EDA1B6CFA5F0025CECB /* SheetController.swift in Sources */ = {isa = PBXBuildFile; fileRef = C33B3ED51B6CFA5F0025CECB /* SheetController.swift */; };
		C33B3EDB1B6CFA5F0025CECB /* Defaults.swift in Sources */ = {isa = PBXBuildFile; fileRef = C33B3ED61B6CFA5F0025CECB /* Defaults.swift */; };
		C33B3EDC1B6CFA5F0025CECB /* Defaults.swift in Sources */ = {isa = PBXBuildFile; fileRef = C33B3ED61B6CFA5F0025CECB /* Defaults.swift */; };
		C33B3EDD1B6D00030025CECB /* ConfigureSheet.xib in Resources */ = {isa = PBXBuildFile; fileRef = C33B3ED41B6CFA5F0025CECB /* ConfigureSheet.xib */; };
		C33B3EDF1B6D1B040025CECB /* ListCell.swift in Sources */ = {isa = PBXBuildFile; fileRef = C33B3EDE1B6D1B040025CECB /* ListCell.swift */; };
		C33B3EE01B6D1B040025CECB /* ListCell.swift in Sources */ = {isa = PBXBuildFile; fileRef = C33B3EDE1B6D1B040025CECB /* ListCell.swift */; };
		C33B3EE21B6D1C710025CECB /* ColorCell.swift in Sources */ = {isa = PBXBuildFile; fileRef = C33B3EE11B6D1C710025CECB /* ColorCell.swift */; };
		C33B3EE31B6D1C710025CECB /* ColorCell.swift in Sources */ = {isa = PBXBuildFile; fileRef = C33B3EE11B6D1C710025CECB /* ColorCell.swift */; };
		C39F6FC81B67F2FB008519FA /* KrkklView.swift in Sources */ = {isa = PBXBuildFile; fileRef = C39F6FC71B67F2FB008519FA /* KrkklView.swift */; };
		C3C2047C1B67F63B00C43606 /* AppDelegate.swift in Sources */ = {isa = PBXBuildFile; fileRef = C3C2047B1B67F63B00C43606 /* AppDelegate.swift */; };
		C3C2047E1B67F63C00C43606 /* Images.xcassets in Resources */ = {isa = PBXBuildFile; fileRef = C3C2047D1B67F63C00C43606 /* Images.xcassets */; };
		C3C204811B67F63C00C43606 /* MainMenu.xib in Resources */ = {isa = PBXBuildFile; fileRef = C3C2047F1B67F63C00C43606 /* MainMenu.xib */; };
		C3C204941B67F74500C43606 /* KrkklView.swift in Sources */ = {isa = PBXBuildFile; fileRef = C39F6FC71B67F2FB008519FA /* KrkklView.swift */; };
/* End PBXBuildFile section */

/* Begin PBXFileReference section */
		03683AD71B6B8AD00076AC1C /* thumbnail.png */ = {isa = PBXFileReference; lastKnownFileType = image.png; name = thumbnail.png; path = krkkl/thumbnail.png; sourceTree = SOURCE_ROOT; };
		03683AD81B6B8AD00076AC1C /* thumbnail@2x.png */ = {isa = PBXFileReference; lastKnownFileType = image.png; name = "thumbnail@2x.png"; path = "krkkl/thumbnail@2x.png"; sourceTree = SOURCE_ROOT; };
		C30B0F551B6A9B4700144035 /* Extensions.swift */ = {isa = PBXFileReference; fileEncoding = 4; lastKnownFileType = sourcecode.swift; path = Extensions.swift; sourceTree = "<group>"; };
		C30B0F581B6AA23000144035 /* Cubes.swift */ = {isa = PBXFileReference; fileEncoding = 4; lastKnownFileType = sourcecode.swift; path = Cubes.swift; sourceTree = "<group>"; };
		C33B3ED41B6CFA5F0025CECB /* ConfigureSheet.xib */ = {isa = PBXFileReference; fileEncoding = 4; lastKnownFileType = file.xib; path = ConfigureSheet.xib; sourceTree = "<group>"; };
		C33B3ED51B6CFA5F0025CECB /* SheetController.swift */ = {isa = PBXFileReference; fileEncoding = 4; lastKnownFileType = sourcecode.swift; path = SheetController.swift; sourceTree = "<group>"; };
		C33B3ED61B6CFA5F0025CECB /* Defaults.swift */ = {isa = PBXFileReference; fileEncoding = 4; lastKnownFileType = sourcecode.swift; path = Defaults.swift; sourceTree = "<group>"; };
		C33B3EDE1B6D1B040025CECB /* ListCell.swift */ = {isa = PBXFileReference; fileEncoding = 4; lastKnownFileType = sourcecode.swift; path = ListCell.swift; sourceTree = "<group>"; };
		C33B3EE11B6D1C710025CECB /* ColorCell.swift */ = {isa = PBXFileReference; fileEncoding = 4; lastKnownFileType = sourcecode.swift; path = ColorCell.swift; sourceTree = "<group>"; };
		C365BA211B67F18D008A49B5 /* krkkl.saver */ = {isa = PBXFileReference; explicitFileType = wrapper.cfbundle; includeInIndex = 0; path = krkkl.saver; sourceTree = BUILT_PRODUCTS_DIR; };
		C365BA251B67F18D008A49B5 /* Info.plist */ = {isa = PBXFileReference; lastKnownFileType = text.plist.xml; path = Info.plist; sourceTree = "<group>"; };
		C39F6FC71B67F2FB008519FA /* KrkklView.swift */ = {isa = PBXFileReference; fileEncoding = 4; lastKnownFileType = sourcecode.swift; path = KrkklView.swift; sourceTree = "<group>"; };
		C3C204771B67F63B00C43606 /* krkklapp.app */ = {isa = PBXFileReference; explicitFileType = wrapper.application; includeInIndex = 0; path = krkklapp.app; sourceTree = BUILT_PRODUCTS_DIR; };
		C3C2047A1B67F63B00C43606 /* Info.plist */ = {isa = PBXFileReference; lastKnownFileType = text.plist.xml; path = Info.plist; sourceTree = "<group>"; };
		C3C2047B1B67F63B00C43606 /* AppDelegate.swift */ = {isa = PBXFileReference; lastKnownFileType = sourcecode.swift; path = AppDelegate.swift; sourceTree = "<group>"; };
		C3C2047D1B67F63C00C43606 /* Images.xcassets */ = {isa = PBXFileReference; lastKnownFileType = folder.assetcatalog; path = Images.xcassets; sourceTree = "<group>"; };
		C3C204801B67F63C00C43606 /* Base */ = {isa = PBXFileReference; lastKnownFileType = file.xib; name = Base; path = Base.lproj/MainMenu.xib; sourceTree = "<group>"; };
/* End PBXFileReference section */

/* Begin PBXFrameworksBuildPhase section */
		C365BA1D1B67F18D008A49B5 /* Frameworks */ = {
			isa = PBXFrameworksBuildPhase;
			buildActionMask = 2147483647;
			files = (
			);
			runOnlyForDeploymentPostprocessing = 0;
		};
		C3C204741B67F63B00C43606 /* Frameworks */ = {
			isa = PBXFrameworksBuildPhase;
			buildActionMask = 2147483647;
			files = (
			);
			runOnlyForDeploymentPostprocessing = 0;
		};
/* End PBXFrameworksBuildPhase section */

/* Begin PBXGroup section */
		C365BA171B67F18D008A49B5 = {
			isa = PBXGroup;
			children = (
				C365BA231B67F18D008A49B5 /* krkkl */,
				C3C204781B67F63B00C43606 /* krkklapp */,
				C365BA221B67F18D008A49B5 /* Products */,
			);
			sourceTree = "<group>";
		};
		C365BA221B67F18D008A49B5 /* Products */ = {
			isa = PBXGroup;
			children = (
				C365BA211B67F18D008A49B5 /* krkkl.saver */,
				C3C204771B67F63B00C43606 /* krkklapp.app */,
			);
			name = Products;
			sourceTree = "<group>";
		};
		C365BA231B67F18D008A49B5 /* krkkl */ = {
			isa = PBXGroup;
			children = (
				C33B3ED51B6CFA5F0025CECB /* SheetController.swift */,
				C33B3ED41B6CFA5F0025CECB /* ConfigureSheet.xib */,
				C33B3ED61B6CFA5F0025CECB /* Defaults.swift */,
				C30B0F581B6AA23000144035 /* Cubes.swift */,
				C33B3EDE1B6D1B040025CECB /* ListCell.swift */,
				C33B3EE11B6D1C710025CECB /* ColorCell.swift */,
				C39F6FC71B67F2FB008519FA /* KrkklView.swift */,
				C30B0F551B6A9B4700144035 /* Extensions.swift */,
				C365BA241B67F18D008A49B5 /* Supporting Files */,
			);
			path = krkkl;
			sourceTree = "<group>";
		};
		C365BA241B67F18D008A49B5 /* Supporting Files */ = {
			isa = PBXGroup;
			children = (
				03683AD71B6B8AD00076AC1C /* thumbnail.png */,
				03683AD81B6B8AD00076AC1C /* thumbnail@2x.png */,
				C365BA251B67F18D008A49B5 /* Info.plist */,
			);
			name = "Supporting Files";
			sourceTree = "<group>";
		};
		C3C204781B67F63B00C43606 /* krkklapp */ = {
			isa = PBXGroup;
			children = (
				C3C2047B1B67F63B00C43606 /* AppDelegate.swift */,
				C3C2047D1B67F63C00C43606 /* Images.xcassets */,
				C3C2047F1B67F63C00C43606 /* MainMenu.xib */,
				C3C204791B67F63B00C43606 /* Supporting Files */,
			);
			path = krkklapp;
			sourceTree = "<group>";
		};
		C3C204791B67F63B00C43606 /* Supporting Files */ = {
			isa = PBXGroup;
			children = (
				C3C2047A1B67F63B00C43606 /* Info.plist */,
			);
			name = "Supporting Files";
			sourceTree = "<group>";
		};
/* End PBXGroup section */

/* Begin PBXHeadersBuildPhase section */
		C365BA1E1B67F18D008A49B5 /* Headers */ = {
			isa = PBXHeadersBuildPhase;
			buildActionMask = 2147483647;
			files = (
			);
			runOnlyForDeploymentPostprocessing = 0;
		};
/* End PBXHeadersBuildPhase section */

/* Begin PBXNativeTarget section */
		C365BA201B67F18D008A49B5 /* krkkl */ = {
			isa = PBXNativeTarget;
			buildConfigurationList = C365BA2C1B67F18D008A49B5 /* Build configuration list for PBXNativeTarget "krkkl" */;
			buildPhases = (
				C365BA1C1B67F18D008A49B5 /* Sources */,
				C365BA1D1B67F18D008A49B5 /* Frameworks */,
				C365BA1E1B67F18D008A49B5 /* Headers */,
				C365BA1F1B67F18D008A49B5 /* Resources */,
			);
			buildRules = (
			);
			dependencies = (
			);
			name = krkkl;
			productName = krkkl;
			productReference = C365BA211B67F18D008A49B5 /* krkkl.saver */;
			productType = "com.apple.product-type.bundle";
		};
		C3C204761B67F63B00C43606 /* krkklapp */ = {
			isa = PBXNativeTarget;
			buildConfigurationList = C3C2048E1B67F63C00C43606 /* Build configuration list for PBXNativeTarget "krkklapp" */;
			buildPhases = (
				C3C204731B67F63B00C43606 /* Sources */,
				C3C204741B67F63B00C43606 /* Frameworks */,
				C3C204751B67F63B00C43606 /* Resources */,
			);
			buildRules = (
			);
			dependencies = (
			);
			name = krkklapp;
			productName = krkklapp;
			productReference = C3C204771B67F63B00C43606 /* krkklapp.app */;
			productType = "com.apple.product-type.application";
		};
/* End PBXNativeTarget section */

/* Begin PBXProject section */
		C365BA181B67F18D008A49B5 /* Project object */ = {
			isa = PBXProject;
			attributes = {
				LastUpgradeCheck = 0640;
				ORGANIZATIONNAME = kodi;
				TargetAttributes = {
					C365BA201B67F18D008A49B5 = {
						CreatedOnToolsVersion = 6.4;
					};
					C3C204761B67F63B00C43606 = {
						CreatedOnToolsVersion = 6.4;
					};
				};
			};
			buildConfigurationList = C365BA1B1B67F18D008A49B5 /* Build configuration list for PBXProject "krkkl" */;
			compatibilityVersion = "Xcode 3.2";
			developmentRegion = English;
			hasScannedForEncodings = 0;
			knownRegions = (
				en,
				Base,
			);
			mainGroup = C365BA171B67F18D008A49B5;
			productRefGroup = C365BA221B67F18D008A49B5 /* Products */;
			projectDirPath = "";
			projectRoot = "";
			targets = (
				C365BA201B67F18D008A49B5 /* krkkl */,
				C3C204761B67F63B00C43606 /* krkklapp */,
			);
		};
/* End PBXProject section */

/* Begin PBXResourcesBuildPhase section */
		C365BA1F1B67F18D008A49B5 /* Resources */ = {
			isa = PBXResourcesBuildPhase;
			buildActionMask = 2147483647;
			files = (
				03683ADB1B6B8AFD0076AC1C /* thumbnail.png in Resources */,
				03683ADC1B6B8B020076AC1C /* thumbnail@2x.png in Resources */,
				C33B3ED71B6CFA5F0025CECB /* ConfigureSheet.xib in Resources */,
			);
			runOnlyForDeploymentPostprocessing = 0;
		};
		C3C204751B67F63B00C43606 /* Resources */ = {
			isa = PBXResourcesBuildPhase;
			buildActionMask = 2147483647;
			files = (
				C3C2047E1B67F63C00C43606 /* Images.xcassets in Resources */,
				C3C204811B67F63C00C43606 /* MainMenu.xib in Resources */,
				C33B3EDD1B6D00030025CECB /* ConfigureSheet.xib in Resources */,
			);
			runOnlyForDeploymentPostprocessing = 0;
		};
/* End PBXResourcesBuildPhase section */

/* Begin PBXSourcesBuildPhase section */
		C365BA1C1B67F18D008A49B5 /* Sources */ = {
			isa = PBXSourcesBuildPhase;
			buildActionMask = 2147483647;
			files = (
				C33B3ED91B6CFA5F0025CECB /* SheetController.swift in Sources */,
				C39F6FC81B67F2FB008519FA /* KrkklView.swift in Sources */,
				C33B3EE21B6D1C710025CECB /* ColorCell.swift in Sources */,
				C33B3EDB1B6CFA5F0025CECB /* Defaults.swift in Sources */,
				C33B3EDF1B6D1B040025CECB /* ListCell.swift in Sources */,
				C30B0F591B6AA23000144035 /* Cubes.swift in Sources */,
				C30B0F561B6A9B4700144035 /* Extensions.swift in Sources */,
			);
			runOnlyForDeploymentPostprocessing = 0;
		};
		C3C204731B67F63B00C43606 /* Sources */ = {
			isa = PBXSourcesBuildPhase;
			buildActionMask = 2147483647;
			files = (
				C30B0F5A1B6AA23000144035 /* Cubes.swift in Sources */,
				C33B3EE31B6D1C710025CECB /* ColorCell.swift in Sources */,
				C33B3EDC1B6CFA5F0025CECB /* Defaults.swift in Sources */,
				C3C204941B67F74500C43606 /* KrkklView.swift in Sources */,
				C33B3EE01B6D1B040025CECB /* ListCell.swift in Sources */,
				C30B0F571B6A9B4700144035 /* Extensions.swift in Sources */,
				C3C2047C1B67F63B00C43606 /* AppDelegate.swift in Sources */,
				C33B3EDA1B6CFA5F0025CECB /* SheetController.swift in Sources */,
			);
			runOnlyForDeploymentPostprocessing = 0;
		};
/* End PBXSourcesBuildPhase section */

/* Begin PBXVariantGroup section */
		C3C2047F1B67F63C00C43606 /* MainMenu.xib */ = {
			isa = PBXVariantGroup;
			children = (
				C3C204801B67F63C00C43606 /* Base */,
			);
			name = MainMenu.xib;
			sourceTree = "<group>";
		};
/* End PBXVariantGroup section */

/* Begin XCBuildConfiguration section */
		C365BA2A1B67F18D008A49B5 /* Debug */ = {
			isa = XCBuildConfiguration;
			buildSettings = {
				ALWAYS_SEARCH_USER_PATHS = NO;
				CLANG_CXX_LANGUAGE_STANDARD = "gnu++0x";
				CLANG_CXX_LIBRARY = "libc++";
				CLANG_ENABLE_MODULES = YES;
				CLANG_ENABLE_OBJC_ARC = YES;
				CLANG_WARN_BOOL_CONVERSION = YES;
				CLANG_WARN_CONSTANT_CONVERSION = YES;
				CLANG_WARN_DIRECT_OBJC_ISA_USAGE = YES_ERROR;
				CLANG_WARN_EMPTY_BODY = YES;
				CLANG_WARN_ENUM_CONVERSION = YES;
				CLANG_WARN_INT_CONVERSION = YES;
				CLANG_WARN_OBJC_ROOT_CLASS = YES_ERROR;
				CLANG_WARN_UNREACHABLE_CODE = YES;
				CLANG_WARN__DUPLICATE_METHOD_MATCH = YES;
				COPY_PHASE_STRIP = NO;
				DEBUG_INFORMATION_FORMAT = dwarf;
				EMBEDDED_CONTENT_CONTAINS_SWIFT = YES;
				ENABLE_STRICT_OBJC_MSGSEND = YES;
				GCC_C_LANGUAGE_STANDARD = gnu99;
				GCC_DYNAMIC_NO_PIC = NO;
				GCC_NO_COMMON_BLOCKS = YES;
				GCC_OPTIMIZATION_LEVEL = 0;
				GCC_PREPROCESSOR_DEFINITIONS = (
					"DEBUG=1",
					"$(inherited)",
				);
				GCC_SYMBOLS_PRIVATE_EXTERN = NO;
				GCC_WARN_64_TO_32_BIT_CONVERSION = YES;
				GCC_WARN_ABOUT_RETURN_TYPE = YES_ERROR;
				GCC_WARN_UNDECLARED_SELECTOR = YES;
				GCC_WARN_UNINITIALIZED_AUTOS = YES_AGGRESSIVE;
				GCC_WARN_UNUSED_FUNCTION = YES;
				GCC_WARN_UNUSED_VARIABLE = YES;
				LD_RUNPATH_SEARCH_PATHS = "$(inherited) @executable_path/../Frameworks @loader_path/../Frameworks";
				MACOSX_DEPLOYMENT_TARGET = 10.9;
				MTL_ENABLE_DEBUG_INFO = YES;
				ONLY_ACTIVE_ARCH = YES;
				SDKROOT = macosx;
			};
			name = Debug;
		};
		C365BA2B1B67F18D008A49B5 /* Release */ = {
			isa = XCBuildConfiguration;
			buildSettings = {
				ALWAYS_SEARCH_USER_PATHS = NO;
				CLANG_CXX_LANGUAGE_STANDARD = "gnu++0x";
				CLANG_CXX_LIBRARY = "libc++";
				CLANG_ENABLE_MODULES = YES;
				CLANG_ENABLE_OBJC_ARC = YES;
				CLANG_WARN_BOOL_CONVERSION = YES;
				CLANG_WARN_CONSTANT_CONVERSION = YES;
				CLANG_WARN_DIRECT_OBJC_ISA_USAGE = YES_ERROR;
				CLANG_WARN_EMPTY_BODY = YES;
				CLANG_WARN_ENUM_CONVERSION = YES;
				CLANG_WARN_INT_CONVERSION = YES;
				CLANG_WARN_OBJC_ROOT_CLASS = YES_ERROR;
				CLANG_WARN_UNREACHABLE_CODE = YES;
				CLANG_WARN__DUPLICATE_METHOD_MATCH = YES;
				COPY_PHASE_STRIP = NO;
				DEBUG_INFORMATION_FORMAT = "dwarf-with-dsym";
				EMBEDDED_CONTENT_CONTAINS_SWIFT = YES;
				ENABLE_NS_ASSERTIONS = NO;
				ENABLE_STRICT_OBJC_MSGSEND = YES;
				GCC_C_LANGUAGE_STANDARD = gnu99;
				GCC_NO_COMMON_BLOCKS = YES;
				GCC_WARN_64_TO_32_BIT_CONVERSION = YES;
				GCC_WARN_ABOUT_RETURN_TYPE = YES_ERROR;
				GCC_WARN_UNDECLARED_SELECTOR = YES;
				GCC_WARN_UNINITIALIZED_AUTOS = YES_AGGRESSIVE;
				GCC_WARN_UNUSED_FUNCTION = YES;
				GCC_WARN_UNUSED_VARIABLE = YES;
				LD_RUNPATH_SEARCH_PATHS = "$(inherited) @executable_path/../Frameworks @loader_path/../Frameworks";
				MACOSX_DEPLOYMENT_TARGET = 10.9;
				MTL_ENABLE_DEBUG_INFO = NO;
				SDKROOT = macosx;
			};
			name = Release;
		};
		C365BA2D1B67F18D008A49B5 /* Debug */ = {
			isa = XCBuildConfiguration;
			buildSettings = {
				COMBINE_HIDPI_IMAGES = YES;
				INFOPLIST_FILE = krkkl/Info.plist;
				INSTALL_PATH = "$(HOME)/Library/Screen Savers";
				PRODUCT_NAME = "$(TARGET_NAME)";
				WRAPPER_EXTENSION = saver;
			};
			name = Debug;
		};
		C365BA2E1B67F18D008A49B5 /* Release */ = {
			isa = XCBuildConfiguration;
			buildSettings = {
				COMBINE_HIDPI_IMAGES = YES;
				INFOPLIST_FILE = krkkl/Info.plist;
				INSTALL_PATH = "$(HOME)/Library/Screen Savers";
				PRODUCT_NAME = "$(TARGET_NAME)";
				WRAPPER_EXTENSION = saver;
			};
			name = Release;
		};
		C3C2048F1B67F63C00C43606 /* Debug */ = {
			isa = XCBuildConfiguration;
			buildSettings = {
				ASSETCATALOG_COMPILER_APPICON_NAME = AppIcon;
				CODE_SIGN_IDENTITY = "";
				COMBINE_HIDPI_IMAGES = YES;
				GCC_PREPROCESSOR_DEFINITIONS = (
					"DEBUG=1",
					"$(inherited)",
				);
				INFOPLIST_FILE = krkklapp/Info.plist;
				LD_RUNPATH_SEARCH_PATHS = "$(inherited) @executable_path/../Frameworks";
				PRODUCT_NAME = "$(TARGET_NAME)";
				SWIFT_OPTIMIZATION_LEVEL = "-Onone";
			};
			name = Debug;
		};
		C3C204901B67F63C00C43606 /* Release */ = {
			isa = XCBuildConfiguration;
			buildSettings = {
				ASSETCATALOG_COMPILER_APPICON_NAME = AppIcon;
				CODE_SIGN_IDENTITY = "";
				COMBINE_HIDPI_IMAGES = YES;
				INFOPLIST_FILE = krkklapp/Info.plist;
				LD_RUNPATH_SEARCH_PATHS = "$(inherited) @executable_path/../Frameworks";
				PRODUCT_NAME = "$(TARGET_NAME)";
			};
			name = Release;
		};
/* End XCBuildConfiguration section */

/* Begin XCConfigurationList section */
		C365BA1B1B67F18D008A49B5 /* Build configuration list for PBXProject "krkkl" */ = {
			isa = XCConfigurationList;
			buildConfigurations = (
				C365BA2A1B67F18D008A49B5 /* Debug */,
				C365BA2B1B67F18D008A49B5 /* Release */,
			);
			defaultConfigurationIsVisible = 0;
			defaultConfigurationName = Release;
		};
		C365BA2C1B67F18D008A49B5 /* Build configuration list for PBXNativeTarget "krkkl" */ = {
			isa = XCConfigurationList;
			buildConfigurations = (
				C365BA2D1B67F18D008A49B5 /* Debug */,
				C365BA2E1B67F18D008A49B5 /* Release */,
			);
			defaultConfigurationIsVisible = 0;
			defaultConfigurationName = Release;
		};
		C3C2048E1B67F63C00C43606 /* Build configuration list for PBXNativeTarget "krkklapp" */ = {
			isa = XCConfigurationList;
			buildConfigurations = (
				C3C2048F1B67F63C00C43606 /* Debug */,
				C3C204901B67F63C00C43606 /* Release */,
			);
			defaultConfigurationIsVisible = 0;
			defaultConfigurationName = Release;
		};
/* End XCConfigurationList section */
	};
	rootObject = C365BA181B67F18D008A49B5 /* Project object */;
}
